
Microsoft Visual Studio Solution File, Format Version 12.00
# Visual Studio Version 16
VisualStudioVersion = 16.0.31410.357
MinimumVisualStudioVersion = 10.0.40219.1
Project("{FAE04EC0-301F-11D3-BF4B-00C04F79EFBC}") = "SingleNodeModel", "SingleNodeModel.csproj", "{E13E4586-97AD-4A9D-AA4C-9427A95944CF}"
EndProject
Global
	GlobalSection(SolutionConfigurationPlatforms) = preSolution
		Debug|Any CPU = Debug|Any CPU
		Release|Any CPU = Release|Any CPU
	EndGlobalSection
	GlobalSection(ProjectConfigurationPlatforms) = postSolution
		{E13E4586-97AD-4A9D-AA4C-9427A95944CF}.Debug|Any CPU.ActiveCfg = Debug|Any CPU
		{E13E4586-97AD-4A9D-AA4C-9427A95944CF}.Debug|Any CPU.Build.0 = Debug|Any CPU
		{E13E4586-97AD-4A9D-AA4C-9427A95944CF}.Release|Any CPU.ActiveCfg = Release|Any CPU
		{E13E4586-97AD-4A9D-AA4C-9427A95944CF}.Release|Any CPU.Build.0 = Release|Any CPU
	EndGlobalSection
	GlobalSection(SolutionProperties) = preSolution
		HideSolutionNode = FALSE
	EndGlobalSection
	GlobalSection(ExtensibilityGlobals) = postSolution
		SolutionGuid = {C002418A-8A8A-49D1-9450-6ABF8D16D225}
	EndGlobalSection
EndGlobal
